
Microsoft Visual Studio Solution File, Format Version 12.00
# Visual Studio 15
VisualStudioVersion = 15.0.28010.2048
MinimumVisualStudioVersion = 10.0.40219.1
Project("{FAE04EC0-301F-11D3-BF4B-00C04F79EFBC}") = "fibonacciEnumarator", "fibonaccinum\fibonacciEnumarator.csproj", "{83A6BFED-1923-4F2B-ACE0-AC065A30BCBD}"
EndProject
Global
	GlobalSection(SolutionConfigurationPlatforms) = preSolution
		Debug|Any CPU = Debug|Any CPU
		Release|Any CPU = Release|Any CPU
	EndGlobalSection
	GlobalSection(ProjectConfigurationPlatforms) = postSolution
		{83A6BFED-1923-4F2B-ACE0-AC065A30BCBD}.Debug|Any CPU.ActiveCfg = Debug|Any CPU
		{83A6BFED-1923-4F2B-ACE0-AC065A30BCBD}.Debug|Any CPU.Build.0 = Debug|Any CPU
		{83A6BFED-1923-4F2B-ACE0-AC065A30BCBD}.Release|Any CPU.ActiveCfg = Release|Any CPU
		{83A6BFED-1923-4F2B-ACE0-AC065A30BCBD}.Release|Any CPU.Build.0 = Release|Any CPU
	EndGlobalSection
	GlobalSection(SolutionProperties) = preSolution
		HideSolutionNode = FALSE
	EndGlobalSection
	GlobalSection(ExtensibilityGlobals) = postSolution
		SolutionGuid = {69912412-893F-4423-9316-D4F29BF5B6C7}
	EndGlobalSection
EndGlobal
